
Microsoft Visual Studio Solution File, Format Version 12.00
# Visual Studio Version 17
VisualStudioVersion = 17.14.36811.4 d17.14
MinimumVisualStudioVersion = 10.0.40219.1
Project("{FAE04EC0-301F-11D3-BF4B-00C04F79EFBC}") = "Chapeau-ordering-system", "Chapeau-ordering-system\Chapeau-ordering-system.csproj", "{A9F12E18-D73D-4EC6-BF5F-3906FE162F54}"
EndProject
Global
	GlobalSection(SolutionConfigurationPlatforms) = preSolution
		Debug|Any CPU = Debug|Any CPU
		Release|Any CPU = Release|Any CPU
	EndGlobalSection
	GlobalSection(ProjectConfigurationPlatforms) = postSolution
		{A9F12E18-D73D-4EC6-BF5F-3906FE162F54}.Debug|Any CPU.ActiveCfg = Debug|Any CPU
		{A9F12E18-D73D-4EC6-BF5F-3906FE162F54}.Debug|Any CPU.Build.0 = Debug|Any CPU
		{A9F12E18-D73D-4EC6-BF5F-3906FE162F54}.Release|Any CPU.ActiveCfg = Release|Any CPU
		{A9F12E18-D73D-4EC6-BF5F-3906FE162F54}.Release|Any CPU.Build.0 = Release|Any CPU
	EndGlobalSection
	GlobalSection(SolutionProperties) = preSolution
		HideSolutionNode = FALSE
	EndGlobalSection
	GlobalSection(ExtensibilityGlobals) = postSolution
		SolutionGuid = {D2A7CACF-9A65-44FC-93F6-ECC7CB9EC3A6}
	EndGlobalSection
EndGlobal
